
Microsoft Visual Studio Solution File, Format Version 12.00
# Visual Studio Version 17
VisualStudioVersion = 17.5.33516.290
MinimumVisualStudioVersion = 10.0.40219.1
Project("{9A19103F-16F7-4668-BE54-9A1E7A4F7556}") = "DersModelYapisi", "DersModel\DersModelYapisi.csproj", "{8363ED67-D93B-4F68-9063-5A37941B6EAE}"
EndProject
Global
	GlobalSection(SolutionConfigurationPlatforms) = preSolution
		Debug|Any CPU = Debug|Any CPU
		Release|Any CPU = Release|Any CPU
	EndGlobalSection
	GlobalSection(ProjectConfigurationPlatforms) = postSolution
		{8363ED67-D93B-4F68-9063-5A37941B6EAE}.Debug|Any CPU.ActiveCfg = Debug|Any CPU
		{8363ED67-D93B-4F68-9063-5A37941B6EAE}.Debug|Any CPU.Build.0 = Debug|Any CPU
		{8363ED67-D93B-4F68-9063-5A37941B6EAE}.Release|Any CPU.ActiveCfg = Release|Any CPU
		{8363ED67-D93B-4F68-9063-5A37941B6EAE}.Release|Any CPU.Build.0 = Release|Any CPU
	EndGlobalSection
	GlobalSection(SolutionProperties) = preSolution
		HideSolutionNode = FALSE
	EndGlobalSection
	GlobalSection(ExtensibilityGlobals) = postSolution
		SolutionGuid = {04B12E99-507B-41F8-AA72-3C25A03AA362}
	EndGlobalSection
EndGlobal
